
Microsoft Visual Studio Solution File, Format Version 12.00
# Visual Studio 15
VisualStudioVersion = 15.0.28307.1231
MinimumVisualStudioVersion = 10.0.40219.1
Project("{FAE04EC0-301F-11D3-BF4B-00C04F79EFBC}") = "Company_Shkadun", "Company_Shkadun\Company_Shkadun.csproj", "{727C34E2-594A-4645-9DED-9EDE5F22D0D5}"
EndProject
Global
	GlobalSection(SolutionConfigurationPlatforms) = preSolution
		Debug|Any CPU = Debug|Any CPU
		Release|Any CPU = Release|Any CPU
	EndGlobalSection
	GlobalSection(ProjectConfigurationPlatforms) = postSolution
		{727C34E2-594A-4645-9DED-9EDE5F22D0D5}.Debug|Any CPU.ActiveCfg = Debug|Any CPU
		{727C34E2-594A-4645-9DED-9EDE5F22D0D5}.Debug|Any CPU.Build.0 = Debug|Any CPU
		{727C34E2-594A-4645-9DED-9EDE5F22D0D5}.Release|Any CPU.ActiveCfg = Release|Any CPU
		{727C34E2-594A-4645-9DED-9EDE5F22D0D5}.Release|Any CPU.Build.0 = Release|Any CPU
	EndGlobalSection
	GlobalSection(SolutionProperties) = preSolution
		HideSolutionNode = FALSE
	EndGlobalSection
	GlobalSection(ExtensibilityGlobals) = postSolution
		SolutionGuid = {8CC6C9A9-53C9-4C65-AD77-3E3D4BEB28C6}
	EndGlobalSection
EndGlobal
